
Microsoft Visual Studio Solution File, Format Version 12.00
# Visual Studio Version 16
VisualStudioVersion = 16.0.31025.194
MinimumVisualStudioVersion = 10.0.40219.1
Project("{FAE04EC0-301F-11D3-BF4B-00C04F79EFBC}") = "+-=", "+-=.csproj", "{DC1EDBEB-0996-45FE-AE93-73780FFAA0D9}"
EndProject
Global
	GlobalSection(SolutionConfigurationPlatforms) = preSolution
		Debug|Any CPU = Debug|Any CPU
		Release|Any CPU = Release|Any CPU
	EndGlobalSection
	GlobalSection(ProjectConfigurationPlatforms) = postSolution
		{DC1EDBEB-0996-45FE-AE93-73780FFAA0D9}.Debug|Any CPU.ActiveCfg = Debug|Any CPU
		{DC1EDBEB-0996-45FE-AE93-73780FFAA0D9}.Debug|Any CPU.Build.0 = Debug|Any CPU
		{DC1EDBEB-0996-45FE-AE93-73780FFAA0D9}.Release|Any CPU.ActiveCfg = Release|Any CPU
		{DC1EDBEB-0996-45FE-AE93-73780FFAA0D9}.Release|Any CPU.Build.0 = Release|Any CPU
	EndGlobalSection
	GlobalSection(SolutionProperties) = preSolution
		HideSolutionNode = FALSE
	EndGlobalSection
	GlobalSection(ExtensibilityGlobals) = postSolution
		SolutionGuid = {576601AC-F1E7-4104-B8EF-B75269085D81}
	EndGlobalSection
EndGlobal
